<?xml version="1.0" encoding="utf-8"?>
<Project ToolsVersion="4.0" xmlns="http://schemas.microsoft.com/developer/msbuild/2003">
  <ItemGroup>
    <Filter Include="Source Files">
      <UniqueIdentifier>{4FC737F1-C7A5-4376-A066-2A32D752A2FF}</UniqueIdentifier>
      <Extensions>cpp;c;cc;cxx;c++;cppm;ixx;def;odl;idl;hpj;bat;asm;asmx</Extensions>
    </Filter>
    <Filter Include="Header Files">
      <UniqueIdentifier>{93995380-89BD-4b04-88EB-625FBE52EBFB}</UniqueIdentifier>
      <Extensions>h;hh;hpp;hxx;h++;hm;inl;inc;ipp;xsd</Extensions>
    </Filter>
    <Filter Include="Resource Files">
      <UniqueIdentifier>{67DA6AB6-F800-4c08-8B7A-83BB121AAD01}</UniqueIdentifier>
      <Extensions>rc;ico;cur;bmp;dlg;rc2;rct;bin;rgs;gif;jpg;jpeg;jpe;resx;tiff;tif;png;wav;mfcribbon-ms</Extensions>
    </Filter>
  </ItemGroup>
  <ItemGroup>
    <ClInclude Include="framework.h">
      <Filter>Header Files</Filter>
    </ClInclude>
    <ClInclude Include="include\AtlasMacros.hpp">
      <Filter>Header Files</Filter>
    </ClInclude>
    <ClInclude Include="include\AtlasStruct.hpp">
      <Filter>Header Files</Filter>
    </ClInclude>
    <ClInclude Include="include\AtlasFeature.hpp">
      <Filter>Header Files</Filter>
    </ClInclude>
    <ClInclude Include="modules\model\TorchModelImpl.hpp">
      <Filter>Header Files</Filter>
    </ClInclude>
    <ClInclude Include="include\AtlasPointer.hpp">
      <Filter>Header Files</Filter>
    </ClInclude>
    <ClInclude Include="include\pch.h">
      <Filter>Header Files</Filter>
    </ClInclude>
    <ClInclude Include="..\..\..\..\Downloads\expected.hpp">
      <Filter>Header Files</Filter>
    </ClInclude>
    <ClInclude Include="modules\ast\AllocationNode.hpp">
      <Filter>Source Files</Filter>
    </ClInclude>
    <ClInclude Include="modules\ast\AssetLogical.hpp">
      <Filter>Source Files</Filter>
    </ClInclude>
    <ClInclude Include="modules\ast\AssetNode.hpp">
      <Filter>Source Files</Filter>
    </ClInclude>
    <ClInclude Include="modules\ast\BaseNode.hpp">
      <Filter>Source Files</Filter>
    </ClInclude>
    <ClInclude Include="modules\ast\ClusterNode.hpp">
      <Filter>Source Files</Filter>
    </ClInclude>
    <ClInclude Include="modules\ast\ExchangeNode.hpp">
      <Filter>Source Files</Filter>
    </ClInclude>
    <ClInclude Include="modules\ast\HelperNodes.hpp">
      <Filter>Source Files</Filter>
    </ClInclude>
    <ClInclude Include="modules\ast\ObserverNode.hpp">
      <Filter>Source Files</Filter>
    </ClInclude>
    <ClInclude Include="modules\ast\ObserverNodeBase.hpp">
      <Filter>Source Files</Filter>
    </ClInclude>
    <ClInclude Include="modules\ast\Optimize.hpp">
      <Filter>Source Files</Filter>
    </ClInclude>
    <ClInclude Include="modules\ast\PCA.hpp">
      <Filter>Source Files</Filter>
    </ClInclude>
    <ClInclude Include="modules\ast\RankNode.hpp">
      <Filter>Source Files</Filter>
    </ClInclude>
    <ClInclude Include="modules\ast\RiskNode.hpp">
      <Filter>Source Files</Filter>
    </ClInclude>
    <ClInclude Include="modules\ast\StrategyBufferNode.hpp">
      <Filter>Source Files</Filter>
    </ClInclude>
    <ClInclude Include="modules\ast\StrategyNode.hpp">
      <Filter>Source Files</Filter>
    </ClInclude>
    <ClInclude Include="modules\ast\TradeNode.hpp">
      <Filter>Source Files</Filter>
    </ClInclude>
    <ClInclude Include="modules\exchange\Exchange.hpp">
      <Filter>Source Files</Filter>
    </ClInclude>
    <ClInclude Include="modules\exchange\ExchangeMap.hpp">
      <Filter>Source Files</Filter>
    </ClInclude>
    <ClInclude Include="modules\exchange\ExchangePrivate.hpp">
      <Filter>Source Files</Filter>
    </ClInclude>
    <ClInclude Include="modules\hydra\Commissions.hpp">
      <Filter>Source Files</Filter>
    </ClInclude>
    <ClInclude Include="modules\hydra\Hydra.hpp">
      <Filter>Source Files</Filter>
    </ClInclude>
    <ClInclude Include="modules\model\LinearRegression.hpp">
      <Filter>Source Files</Filter>
    </ClInclude>
    <ClInclude Include="modules\model\ModelBase.hpp">
      <Filter>Source Files</Filter>
    </ClInclude>
    <ClInclude Include="modules\model\TorchModel.hpp">
      <Filter>Source Files</Filter>
    </ClInclude>
    <ClInclude Include="modules\model\XGBoost.hpp">
      <Filter>Source Files</Filter>
    </ClInclude>
    <ClInclude Include="modules\standard\AtlasCore.hpp">
      <Filter>Source Files</Filter>
    </ClInclude>
    <ClInclude Include="modules\standard\AtlasEnums.hpp">
      <Filter>Source Files</Filter>
    </ClInclude>
    <ClInclude Include="modules\standard\AtlasException.hpp">
      <Filter>Source Files</Filter>
    </ClInclude>
    <ClInclude Include="modules\standard\AtlasLinAlg.hpp">
      <Filter>Source Files</Filter>
    </ClInclude>
    <ClInclude Include="modules\standard\AtlasSerialize.hpp">
      <Filter>Source Files</Filter>
    </ClInclude>
    <ClInclude Include="modules\standard\AtlasStats.hpp">
      <Filter>Source Files</Filter>
    </ClInclude>
    <ClInclude Include="modules\standard\AtlasTime.hpp">
      <Filter>Source Files</Filter>
    </ClInclude>
    <ClInclude Include="modules\standard\AtlasUtils.hpp">
      <Filter>Source Files</Filter>
    </ClInclude>
    <ClInclude Include="modules\strategy\Tracer.hpp">
      <Filter>Source Files</Filter>
    </ClInclude>
    <ClInclude Include="modules\strategy\Strategy.hpp">
      <Filter>Source Files</Filter>
    </ClInclude>
    <ClInclude Include="modules\strategy\MetaStrategy.hpp">
      <Filter>Source Files</Filter>
    </ClInclude>
    <ClInclude Include="modules\strategy\Measure.hpp">
      <Filter>Source Files</Filter>
    </ClInclude>
    <ClInclude Include="modules\strategy\Allocator.hpp">
      <Filter>Source Files</Filter>
    </ClInclude>
  </ItemGroup>
  <ItemGroup>
    <ClCompile Include="dllmain.cpp">
      <Filter>Source Files</Filter>
    </ClCompile>
    <ClCompile Include="modules\exchange\Exchange.cpp">
      <Filter>Source Files</Filter>
    </ClCompile>
    <ClCompile Include="modules\standard\AtlasTypes.hpp">
      <Filter>Source Files</Filter>
    </ClCompile>
    <ClCompile Include="modules\exchange\ExchangeMap.cpp">
      <Filter>Source Files</Filter>
    </ClCompile>
    <ClCompile Include="modules\exchange\ExchangeIO.cpp">
      <Filter>Source Files</Filter>
    </ClCompile>
    <ClCompile Include="modules\hydra\Hydra.cpp">
      <Filter>Source Files</Filter>
    </ClCompile>
    <ClCompile Include="modules\strategy\Strategy.cpp">
      <Filter>Source Files</Filter>
    </ClCompile>
    <ClCompile Include="modules\strategy\Tracer.cpp">
      <Filter>Source Files</Filter>
    </ClCompile>
    <ClCompile Include="modules\ast\AssetNode.cpp">
      <Filter>Source Files</Filter>
    </ClCompile>
    <ClCompile Include="modules\ast\ExchangNode.cpp">
      <Filter>Source Files</Filter>
    </ClCompile>
    <ClCompile Include="modules\ast\StrategyNode.cpp">
      <Filter>Source Files</Filter>
    </ClCompile>
    <ClCompile Include="modules\ast\HelperNodes.cpp">
      <Filter>Source Files</Filter>
    </ClCompile>
    <ClCompile Include="modules\ast\RiskNode.cpp">
      <Filter>Source Files</Filter>
    </ClCompile>
    <ClCompile Include="modules\standard\AtlasTime.cpp">
      <Filter>Source Files</Filter>
    </ClCompile>
    <ClCompile Include="modules\hydra\Commissions.cpp">
      <Filter>Source Files</Filter>
    </ClCompile>
    <ClCompile Include="modules\ast\RankNode.cpp">
      <Filter>Source Files</Filter>
    </ClCompile>
    <ClCompile Include="modules\ast\StrategyBufferNode.cpp">
      <Filter>Source Files</Filter>
    </ClCompile>
    <ClCompile Include="modules\exchange\ExchangePyIO.cpp">
      <Filter>Source Files</Filter>
    </ClCompile>
    <ClCompile Include="modules\ast\AllocationNode.cpp">
      <Filter>Source Files</Filter>
    </ClCompile>
    <ClCompile Include="modules\ast\TradeNode.cpp">
      <Filter>Source Files</Filter>
    </ClCompile>
    <ClCompile Include="modules\standard\AtlasSerialize.cpp">
      <Filter>Source Files</Filter>
    </ClCompile>
    <ClCompile Include="modules\ast\Optimize.cpp">
      <Filter>Source Files</Filter>
    </ClCompile>
    <ClCompile Include="modules\ast\ObserverNode.cpp">
      <Filter>Source Files</Filter>
    </ClCompile>
    <ClCompile Include="modules\ast\AssetLogical.cpp">
      <Filter>Source Files</Filter>
    </ClCompile>
    <ClCompile Include="modules\ast\ObserverNodeBase.cpp">
      <Filter>Source Files</Filter>
    </ClCompile>
    <ClCompile Include="modules\model\ModelBase.cpp">
      <Filter>Source Files</Filter>
    </ClCompile>
    <ClCompile Include="modules\model\LinearRegression.cpp">
      <Filter>Source Files</Filter>
    </ClCompile>
    <ClCompile Include="modules\model\XGBoost.cpp">
      <Filter>Source Files</Filter>
    </ClCompile>
    <ClCompile Include="modules\model\TorchModel.cpp">
      <Filter>Source Files</Filter>
    </ClCompile>
    <ClCompile Include="modules\model\TorchModelImpl.cpp">
      <Filter>Source Files</Filter>
    </ClCompile>
    <ClCompile Include="modules\ast\PCA.cpp">
      <Filter>Source Files</Filter>
    </ClCompile>
    <ClCompile Include="modules\ast\ClusterNode.cpp">
      <Filter>Source Files</Filter>
    </ClCompile>
    <ClCompile Include="modules\ast\BaseNode.cpp">
      <Filter>Source Files</Filter>
    </ClCompile>
    <ClCompile Include="modules\strategy\Allocator.cpp">
      <Filter>Source Files</Filter>
    </ClCompile>
    <ClCompile Include="modules\strategy\MetaStrategy.cpp">
      <Filter>Source Files</Filter>
    </ClCompile>
    <ClCompile Include="modules\standard\AtlasStats.cpp">
      <Filter>Source Files</Filter>
    </ClCompile>
    <ClCompile Include="modules\strategy\Measure.cpp">
      <Filter>Source Files</Filter>
    </ClCompile>
  </ItemGroup>
</Project>