<?xml version="1.0" encoding="utf-8"?>
<Project ToolsVersion="4.0" xmlns="http://schemas.microsoft.com/developer/msbuild/2003">
  <ItemGroup>
    <Filter Include="Source Files">
      <UniqueIdentifier>{4FC737F1-C7A5-4376-A066-2A32D752A2FF}</UniqueIdentifier>
      <Extensions>cpp;c;cc;cxx;c++;cppm;ixx;def;odl;idl;hpj;bat;asm;asmx</Extensions>
    </Filter>
    <Filter Include="Header Files">
      <UniqueIdentifier>{93995380-89BD-4b04-88EB-625FBE52EBFB}</UniqueIdentifier>
      <Extensions>h;hh;hpp;hxx;h++;hm;inl;inc;ipp;xsd</Extensions>
    </Filter>
    <Filter Include="Resource Files">
      <UniqueIdentifier>{67DA6AB6-F800-4c08-8B7A-83BB121AAD01}</UniqueIdentifier>
      <Extensions>rc;ico;cur;bmp;dlg;rc2;rct;bin;rgs;gif;jpg;jpeg;jpe;resx;tiff;tif;png;wav;mfcribbon-ms</Extensions>
    </Filter>
  </ItemGroup>
  <ItemGroup>
    <ClInclude Include="framework.h">
      <Filter>Header Files</Filter>
    </ClInclude>
    <ClInclude Include="include\AtlasMacros.hpp">
      <Filter>Header Files</Filter>
    </ClInclude>
    <ClInclude Include="include\AtlasStruct.hpp">
      <Filter>Header Files</Filter>
    </ClInclude>
    <ClInclude Include="include\AtlasFeature.hpp">
      <Filter>Header Files</Filter>
    </ClInclude>
    <ClInclude Include="modules\model\TorchModelImpl.hpp">
      <Filter>Header Files</Filter>
    </ClInclude>
  </ItemGroup>
  <ItemGroup>
    <ClCompile Include="dllmain.cpp">
      <Filter>Source Files</Filter>
    </ClCompile>
    <ClCompile Include="modules\exchange\Exchange.ixx">
      <Filter>Source Files</Filter>
    </ClCompile>
    <ClCompile Include="modules\exchange\Exchange.cpp">
      <Filter>Source Files</Filter>
    </ClCompile>
    <ClCompile Include="modules\standard\AtlasTypes.ixx">
      <Filter>Source Files</Filter>
    </ClCompile>
    <ClCompile Include="modules\exchange\ExchangeMap.ixx">
      <Filter>Source Files</Filter>
    </ClCompile>
    <ClCompile Include="modules\exchange\ExchangeMap.cpp">
      <Filter>Source Files</Filter>
    </ClCompile>
    <ClCompile Include="modules\standard\AtlasException.ixx">
      <Filter>Source Files</Filter>
    </ClCompile>
    <ClCompile Include="modules\standard\AtlasCore.ixx">
      <Filter>Source Files</Filter>
    </ClCompile>
    <ClCompile Include="modules\exchange\ExchangeIO.cpp">
      <Filter>Source Files</Filter>
    </ClCompile>
    <ClCompile Include="modules\exchange\ExchangePrivate.ixx">
      <Filter>Source Files</Filter>
    </ClCompile>
    <ClCompile Include="modules\standard\AtlasUtils.ixx">
      <Filter>Source Files</Filter>
    </ClCompile>
    <ClCompile Include="modules\hydra\Hydra.ixx">
      <Filter>Source Files</Filter>
    </ClCompile>
    <ClCompile Include="modules\hydra\Hydra.cpp">
      <Filter>Source Files</Filter>
    </ClCompile>
    <ClCompile Include="modules\strategy\Strategy.ixx">
      <Filter>Source Files</Filter>
    </ClCompile>
    <ClCompile Include="modules\portfolio\Portfolio.ixx">
      <Filter>Source Files</Filter>
    </ClCompile>
    <ClCompile Include="modules\strategy\Strategy.cpp">
      <Filter>Source Files</Filter>
    </ClCompile>
    <ClCompile Include="modules\strategy\Tracer.ixx">
      <Filter>Source Files</Filter>
    </ClCompile>
    <ClCompile Include="modules\strategy\Tracer.cpp">
      <Filter>Source Files</Filter>
    </ClCompile>
    <ClCompile Include="modules\portfolio\Portfolio.cpp">
      <Filter>Source Files</Filter>
    </ClCompile>
    <ClCompile Include="modules\ast\BaseNode.ixx">
      <Filter>Source Files</Filter>
    </ClCompile>
    <ClCompile Include="modules\ast\AssetNode.ixx">
      <Filter>Source Files</Filter>
    </ClCompile>
    <ClCompile Include="modules\ast\AssetNode.cpp">
      <Filter>Source Files</Filter>
    </ClCompile>
    <ClCompile Include="modules\standard\AtlasLinAlg.ixx">
      <Filter>Source Files</Filter>
    </ClCompile>
    <ClCompile Include="modules\ast\ExchangeNode.ixx">
      <Filter>Source Files</Filter>
    </ClCompile>
    <ClCompile Include="modules\ast\ExchangNode.cpp">
      <Filter>Source Files</Filter>
    </ClCompile>
    <ClCompile Include="modules\ast\StrategyNode.ixx">
      <Filter>Source Files</Filter>
    </ClCompile>
    <ClCompile Include="modules\ast\StrategyNode.cpp">
      <Filter>Source Files</Filter>
    </ClCompile>
    <ClCompile Include="modules\ast\HelperNodes.ixx">
      <Filter>Source Files</Filter>
    </ClCompile>
    <ClCompile Include="modules\ast\HelperNodes.cpp">
      <Filter>Source Files</Filter>
    </ClCompile>
    <ClCompile Include="modules\standard\AtlasEnums.ixx">
      <Filter>Source Files</Filter>
    </ClCompile>
    <ClCompile Include="modules\ast\RiskNode.ixx">
      <Filter>Source Files</Filter>
    </ClCompile>
    <ClCompile Include="modules\ast\RiskNode.cpp">
      <Filter>Source Files</Filter>
    </ClCompile>
    <ClCompile Include="modules\standard\AtlasTime.ixx">
      <Filter>Source Files</Filter>
    </ClCompile>
    <ClCompile Include="modules\standard\AtlasTime.cpp">
      <Filter>Source Files</Filter>
    </ClCompile>
    <ClCompile Include="modules\hydra\Commissions.ixx">
      <Filter>Source Files</Filter>
    </ClCompile>
    <ClCompile Include="modules\hydra\Commissions.cpp">
      <Filter>Source Files</Filter>
    </ClCompile>
    <ClCompile Include="modules\ast\RankNode.ixx">
      <Filter>Source Files</Filter>
    </ClCompile>
    <ClCompile Include="modules\ast\RankNode.cpp">
      <Filter>Source Files</Filter>
    </ClCompile>
    <ClCompile Include="modules\ast\StrategyBufferNode.ixx">
      <Filter>Source Files</Filter>
    </ClCompile>
    <ClCompile Include="modules\ast\StrategyBufferNode.cpp">
      <Filter>Source Files</Filter>
    </ClCompile>
    <ClCompile Include="modules\ast\AllocationNode.ixx">
      <Filter>Source Files</Filter>
    </ClCompile>
    <ClCompile Include="modules\exchange\ExchangePyIO.cpp">
      <Filter>Source Files</Filter>
    </ClCompile>
    <ClCompile Include="modules\ast\AllocationNode.cpp">
      <Filter>Source Files</Filter>
    </ClCompile>
    <ClCompile Include="modules\ast\TradeNode.ixx">
      <Filter>Source Files</Filter>
    </ClCompile>
    <ClCompile Include="modules\ast\TradeNode.cpp">
      <Filter>Source Files</Filter>
    </ClCompile>
    <ClCompile Include="modules\standard\AtlasSerialize.ixx">
      <Filter>Source Files</Filter>
    </ClCompile>
    <ClCompile Include="modules\standard\AtlasSerialize.cpp">
      <Filter>Source Files</Filter>
    </ClCompile>
    <ClCompile Include="modules\ast\Optimize.ixx">
      <Filter>Source Files</Filter>
    </ClCompile>
    <ClCompile Include="modules\ast\Optimize.cpp">
      <Filter>Source Files</Filter>
    </ClCompile>
    <ClCompile Include="modules\ast\ObserverNode.ixx">
      <Filter>Source Files</Filter>
    </ClCompile>
    <ClCompile Include="modules\ast\ObserverNode.cpp">
      <Filter>Source Files</Filter>
    </ClCompile>
    <ClCompile Include="modules\ast\AssetLogical.ixx">
      <Filter>Source Files</Filter>
    </ClCompile>
    <ClCompile Include="modules\ast\AssetLogical.cpp">
      <Filter>Source Files</Filter>
    </ClCompile>
    <ClCompile Include="modules\ast\NodeFactory.ixx">
      <Filter>Source Files</Filter>
    </ClCompile>
    <ClCompile Include="modules\ast\NodeFactor.cpp">
      <Filter>Source Files</Filter>
    </ClCompile>
    <ClCompile Include="modules\interpreter\AtlasLangTypes.ixx">
      <Filter>Source Files</Filter>
    </ClCompile>
    <ClCompile Include="modules\interpreter\AtlasLexer.ixx">
      <Filter>Source Files</Filter>
    </ClCompile>
    <ClCompile Include="modules\interpreter\AtlasLexer.cpp">
      <Filter>Source Files</Filter>
    </ClCompile>
    <ClCompile Include="modules\interpreter\AtlasToken.ixx">
      <Filter>Source Files</Filter>
    </ClCompile>
    <ClCompile Include="modules\interpreter\AtlasParser.ixx">
      <Filter>Source Files</Filter>
    </ClCompile>
    <ClCompile Include="modules\interpreter\AtlasParser.cpp">
      <Filter>Source Files</Filter>
    </ClCompile>
    <ClCompile Include="modules\interpreter\AtlasFunction.ixx">
      <Filter>Source Files</Filter>
    </ClCompile>
    <ClCompile Include="modules\ast\ObserverNodeBase.ixx">
      <Filter>Source Files</Filter>
    </ClCompile>
    <ClCompile Include="modules\ast\ObserverNodeBase.cpp">
      <Filter>Source Files</Filter>
    </ClCompile>
    <ClCompile Include="modules\model\ModelBase.ixx">
      <Filter>Source Files</Filter>
    </ClCompile>
    <ClCompile Include="modules\model\ModelBase.cpp">
      <Filter>Source Files</Filter>
    </ClCompile>
    <ClCompile Include="modules\model\LinearRegression.ixx">
      <Filter>Source Files</Filter>
    </ClCompile>
    <ClCompile Include="modules\model\LinearRegression.cpp">
      <Filter>Source Files</Filter>
    </ClCompile>
    <ClCompile Include="modules\model\XGBoost.ixx">
      <Filter>Source Files</Filter>
    </ClCompile>
    <ClCompile Include="modules\model\XGBoost.cpp">
      <Filter>Source Files</Filter>
    </ClCompile>
    <ClCompile Include="modules\model\TorchModel.ixx">
      <Filter>Source Files</Filter>
    </ClCompile>
    <ClCompile Include="modules\model\TorchModel.cpp">
      <Filter>Source Files</Filter>
    </ClCompile>
    <ClCompile Include="modules\model\TorchModelImpl.cpp">
      <Filter>Source Files</Filter>
    </ClCompile>
    <ClCompile Include="modules\ast\PCA.ixx">
      <Filter>Source Files</Filter>
    </ClCompile>
    <ClCompile Include="modules\ast\PCA.cpp">
      <Filter>Source Files</Filter>
    </ClCompile>
    <ClCompile Include="modules\ast\ClusterNode.ixx">
      <Filter>Source Files</Filter>
    </ClCompile>
    <ClCompile Include="modules\ast\ClusterNode.cpp">
      <Filter>Source Files</Filter>
    </ClCompile>
  </ItemGroup>
</Project>